github.com/aws/aws-sdk-go-v2 v1.32.1 h1:8WuZ43ytA+TV6QEPT/R23mr7pWyI7bSSiEHdt9BS2Pw=
github.com/aws/aws-sdk-go-v2 v1.32.1/go.mod h1:2SK5n0a2karNTv5tbP1SjsX0uhttou00v/HpXKM1ZUo=
github.com/aws/aws-sdk-go-v2/config v1.27.42 h1:Zsy9coUPuOsCWkjTvHpl2/DB9bptXtv7WeNPxvFr87s=
github.com/aws/aws-sdk-go-v2/config v1.27.42/go.mod h1:FGASs+PuJM2EY+8rt8qyQKLPbbX/S5oY+6WzJ/KE7ko=
github.com/aws/aws-sdk-go-v2/credentials v1.17.40 h1:RjnlA7t0p/IamxAM7FUJ5uS13Vszh4sjVGvsx91tGro=
github.com/aws/aws-sdk-go-v2/credentials v1.17.40/go.mod h1:dgpdnSs1Bp/atS6vLlW83h9xZPP+uSPB/27dFSgC1BM=
github.com/aws/aws-sdk-go-v2/feature/ec2/imds v1.16.16 h1:fwrer1pJeaiia0CcOfWVbZxvj9Adc7rsuaMTwPR0DIA=
github.com/aws/aws-sdk-go-v2/feature/ec2/imds v1.16.16/go.mod h1:XyEwwp8XI4zMar7MTnJ0Sk7qY/9aN8Hp929XhuX5SF8=
github.com/aws/aws-sdk-go-v2/internal/configsources v1.3.20 h1:OErdlGnt+hg3tTwGYAlKvFkKVUo/TXkoHcxDxuhYYU8=
github.com/aws/aws-sdk-go-v2/internal/configsources v1.3.20/go.mod h1:HsPfuL5gs+407ByRXBMgpYoyrV1sgMrzd18yMXQHJpo=
github.com/aws/aws-sdk-go-v2/internal/endpoints/v2 v2.6.20 h1:822cE1CYSwY/EZnErlF46pyynuxvf1p+VydHRQW+XNs=
github.com/aws/aws-sdk-go-v2/internal/endpoints/v2 v2.6.20/go.mod h1:79/Tn7H7hYC5Gjz6fbnOV4OeBpkao7E8Tv95RO72pMM=
github.com/aws/aws-sdk-go-v2/internal/ini v1.8.1 h1:VaRN3TlFdd6KxX1x3ILT5ynH6HvKgqdiXoTxAF4HQcQ=
github.com/aws/aws-sdk-go-v2/internal/ini v1.8.1/go.mod h1:FbtygfRFze9usAadmnGJNc8KsP346kEe+y2/oyhGAGc=
github.com/aws/aws-sdk-go-v2/service/internal/accept-encoding v1.12.0 h1:TToQNkvGguu209puTojY/ozlqy2d/SFNcoLIqTFi42g=
github.com/aws/aws-sdk-go-v2/service/internal/accept-encoding v1.12.0/go.mod h1:0jp+ltwkf+SwG2fm/PKo8t4y8pJSgOCO4D8Lz3k0aHQ=
github.com/aws/aws-sdk-go-v2/service/internal/presigned-url v1.12.1 h1:5vBMBTakOvtd8aNaicswcrr9qqCYUlasuzyoU6/0g8I=
github.com/aws/aws-sdk-go-v2/service/internal/presigned-url v1.12.1/go.mod h1:WSUbDa5qdg05Q558KXx2Scb+EDvOPXT9gfET0fyrJSk=
github.com/aws/aws-sdk-go-v2/service/sso v1.24.1 h1:aAIr0WhAgvKrxZtkBqne87Gjmd7/lJVTFkR2l2yuhL8=
github.com/aws/aws-sdk-go-v2/service/sso v1.24.1/go.mod h1:8XhxGMWUfikJuginPQl5SGZ0LSJuNX3TCEQmFWZwHTM=
github.com/aws/aws-sdk-go-v2/service/ssooidc v1.28.1 h1:J6kIsIkgFOaU6aKjigXJoue1XEHtKIIrpSh4vKdmRTs=
github.com/aws/aws-sdk-go-v2/service/ssooidc v1.28.1/go.mod h1:2V2JLP7tXOmUbL3Hd1ojq+774t2KUAEQ35//shoNEL0=
github.com/aws/aws-sdk-go-v2/service/sts v1.32.1 h1:q76Ig4OaJzVJGNUSGO3wjSTBS94g+EhHIbpY9rPvkxs=
github.com/aws/aws-sdk-go-v2/service/sts v1.32.1/go.mod h1:664dajZ7uS7JMUMUG0R5bWbtN97KECNCVdFDdQ6Ipu8=
github.com/aws/smithy-go v1.22.0 h1:uunKnWlcoL3zO7q+gG2Pk53joueEOsnNB28QdMsmiMM=
github.com/aws/smithy-go v1.22.0/go.mod h1:irrKGvNn1InZwb2d7fkIRNucdfwR8R+Ts3wxYa/cJHg=
github.com/cpuguy83/go-md2man/v2 v2.0.4/go.mod h1:tgQtvFlXSQOSOSIRvRPT7W67SCa46tRHOmNcaadrF8o=
github.com/fatih/color v1.16.0 h1:zmkK9Ngbjj+K0yRhTVONQh1p/HknKYSlNT+vZCzyokM=
github.com/fatih/color v1.16.0/go.mod h1:fL2Sau1YI5c0pdGEVCbKQbLXB6edEj1ZgiY4NijnWvE=
github.com/hashicorp/go-cleanhttp v0.5.2 h1:035FKYIWjmULyFRBKPs8TBQoi0x6d9G4xc9neXJWAZQ=
github.com/hashicorp/go-cleanhttp v0.5.2/go.mod h1:kO/YDlP8L1346E6Sodw+PrpBSV4/SoxCXGY6BqNFT48=
github.com/hashicorp/go-hclog v1.6.3 h1:Qr2kF+eVWjTiYmU7Y31tYlP1h0q/X3Nl3tPGdaB11/k=
github.com/hashicorp/go-hclog v1.6.3/go.mod h1:W4Qnvbt70Wk/zYJryRzDRU/4r0kIg0PVHBcfoyhpF5M=
github.com/hashicorp/go-retryablehttp v0.7.7 h1:C8hUCYzor8PIfXHa4UrZkU4VvK8o9ISHxT2Q8+VepXU=
github.com/hashicorp/go-retryablehttp v0.7.7/go.mod h1:pkQpWZeYWskR+D1tR2O5OcBFOxfA7DoAO6xtkuQnHTk=
github.com/inconshreveable/mousetrap v1.1.0 h1:wN+x4NVGpMsO7ErUn/mUI3vEoE6Jt13X2s0bqwp9tc8=
github.com/inconshreveable/mousetrap v1.1.0/go.mod h1:vpF70FUmC8bwa3OWnCshd2FqLfsEA9PFc4w1p2J65bw=
github.com/mattn/go-colorable v0.1.13 h1:fFA4WZxdEF4tXPZVKMLwD8oUnCTTo08duU7wxecdEvA=
github.com/mattn/go-colorable v0.1.13/go.mod h1:7S9/ev0klgBDR4GtXTXX8a3vIGJpMovkB8vQcUbaXHg=
github.com/mattn/go-isatty v0.0.20 h1:xfD0iDuEKnDkl03q4limB+vH+GxLEtL/jb4xVJSWWEY=
github.com/mattn/go-isatty v0.0.20/go.mod h1:W+V8PltTTMOvKvAeJH7IuucS94S2C6jfK/D7dTCTo3Y=
github.com/russross/blackfriday/v2 v2.1.0/go.mod h1:+Rmxgy9KzJVeS9/2gXHxylqXiyQDYRxCVz55jmeOWTM=
github.com/spf13/cobra v1.8.1 h1:e5/vxKd/rZsfSJMUX1agtjeTDf+qv1/JdBF8gg5k9ZM=
github.com/spf13/cobra v1.8.1/go.mod h1:wHxEcudfqmLYa8iTfL+OuZPbBZkmvliBWKIezN3kD9Y=
github.com/spf13/pflag v1.0.5 h1:iy+VFUOCP1a+8yFto/drg2CJ5u0yRoB7fZw3DKv/JXA=
github.com/spf13/pflag v1.0.5/go.mod h1:McXfInJRrz4CZXVZOBLb0bTZqETkiAhM9Iw0y3An2Bg=
golang.org/x/sys v0.20.0 h1:Od9JTbYCk261bKm4M/mw7AklTlFYIa0bIp9BgSm1S8Y=
golang.org/x/sys v0.20.0/go.mod h1:/VUhepiaJMQUp4+oa/7Zr1D23ma6VTLIYjOOTFZPUcA=
gopkg.in/check.v1 v0.0.0-20161208181325-20d25e280405/go.mod h1:Co6ibVJAznAaIkqp8huTwlJQCZ016jof/cbN4VW5Yz0=
gopkg.in/yaml.v3 v3.0.1/go.mod h1:K4uyk7z7BCEPqu6E+C64Yfv1cQ7kz7rIZviUmN+EgEM=
